
Microsoft Visual Studio Solution File, Format Version 12.00
# Visual Studio Version 17
VisualStudioVersion = 17.11.35327.3
MinimumVisualStudioVersion = 10.0.40219.1
Project("{9A19103F-16F7-4668-BE54-9A1E7A4F7556}") = "APIs", "APIs.csproj", "{2741F85D-FE17-489F-8ACC-40BED016E0A8}"
EndProject
Project("{FAE04EC0-301F-11D3-BF4B-00C04F79EFBC}") = "BLL", "..\DLL\BLL.csproj", "{DC37DE48-7C44-49FC-A935-057D9BB3EAB1}"
EndProject
Project("{FAE04EC0-301F-11D3-BF4B-00C04F79EFBC}") = "DAL", "..\DAL\DAL.csproj", "{F54DD057-7378-4615-8F8A-11EAD528900E}"
EndProject
Project("{FAE04EC0-301F-11D3-BF4B-00C04F79EFBC}") = "DTOs", "..\DTOs\DTOs.csproj", "{61F93C1D-613D-47AE-A446-F0CB96A3C4C5}"
EndProject
Global
	GlobalSection(SolutionConfigurationPlatforms) = preSolution
		Debug|Any CPU = Debug|Any CPU
		Release|Any CPU = Release|Any CPU
	EndGlobalSection
	GlobalSection(ProjectConfigurationPlatforms) = postSolution
		{2741F85D-FE17-489F-8ACC-40BED016E0A8}.Debug|Any CPU.ActiveCfg = Debug|Any CPU
		{2741F85D-FE17-489F-8ACC-40BED016E0A8}.Debug|Any CPU.Build.0 = Debug|Any CPU
		{2741F85D-FE17-489F-8ACC-40BED016E0A8}.Release|Any CPU.ActiveCfg = Release|Any CPU
		{2741F85D-FE17-489F-8ACC-40BED016E0A8}.Release|Any CPU.Build.0 = Release|Any CPU
		{DC37DE48-7C44-49FC-A935-057D9BB3EAB1}.Debug|Any CPU.ActiveCfg = Debug|Any CPU
		{DC37DE48-7C44-49FC-A935-057D9BB3EAB1}.Debug|Any CPU.Build.0 = Debug|Any CPU
		{DC37DE48-7C44-49FC-A935-057D9BB3EAB1}.Release|Any CPU.ActiveCfg = Release|Any CPU
		{DC37DE48-7C44-49FC-A935-057D9BB3EAB1}.Release|Any CPU.Build.0 = Release|Any CPU
		{F54DD057-7378-4615-8F8A-11EAD528900E}.Debug|Any CPU.ActiveCfg = Debug|Any CPU
		{F54DD057-7378-4615-8F8A-11EAD528900E}.Debug|Any CPU.Build.0 = Debug|Any CPU
		{F54DD057-7378-4615-8F8A-11EAD528900E}.Release|Any CPU.ActiveCfg = Release|Any CPU
		{F54DD057-7378-4615-8F8A-11EAD528900E}.Release|Any CPU.Build.0 = Release|Any CPU
		{61F93C1D-613D-47AE-A446-F0CB96A3C4C5}.Debug|Any CPU.ActiveCfg = Debug|Any CPU
		{61F93C1D-613D-47AE-A446-F0CB96A3C4C5}.Debug|Any CPU.Build.0 = Debug|Any CPU
		{61F93C1D-613D-47AE-A446-F0CB96A3C4C5}.Release|Any CPU.ActiveCfg = Release|Any CPU
		{61F93C1D-613D-47AE-A446-F0CB96A3C4C5}.Release|Any CPU.Build.0 = Release|Any CPU
	EndGlobalSection
	GlobalSection(SolutionProperties) = preSolution
		HideSolutionNode = FALSE
	EndGlobalSection
	GlobalSection(ExtensibilityGlobals) = postSolution
		SolutionGuid = {C27BDEFD-BE17-4531-8E66-E0E71FDE52A8}
	EndGlobalSection
EndGlobal
